
Microsoft Visual Studio Solution File, Format Version 12.00
# Visual Studio 2013
VisualStudioVersion = 12.0.21005.1
MinimumVisualStudioVersion = 10.0.40219.1
Project("{FAE04EC0-301F-11D3-BF4B-00C04F79EFBC}") = "Hytera.EEMS.Main", "Hytera.EEMS.Main\Hytera.EEMS.Main.csproj", "{E5A510EE-4FB7-4EDD-A2B2-930337C44EE9}"
EndProject
Project("{2150E333-8FDC-42A3-9474-1A3956D46DE8}") = "Hytera.EEMS.Frame", "Hytera.EEMS.Frame", "{4DA87F84-7891-43E1-AAED-F76C77E98B9A}"
EndProject
Project("{FAE04EC0-301F-11D3-BF4B-00C04F79EFBC}") = "Hytera.EEMS.Dispatcher", "Hytera.EEMS.Dispatcher\Hytera.EEMS.Dispatcher.csproj", "{A9EB6121-D442-43CD-B237-D1ED95260ABA}"
EndProject
Project("{FAE04EC0-301F-11D3-BF4B-00C04F79EFBC}") = "Hytera.EEMS.NetWork", "Hytera.EEMS.Ice\Hytera.EEMS.NetWork.csproj", "{4868BFA9-4D5B-4295-BA87-A1838CC30096}"
EndProject
Project("{FAE04EC0-301F-11D3-BF4B-00C04F79EFBC}") = "Hytera.EEMS.Media", "Hytera.EEMS.Media\Hytera.EEMS.Media.csproj", "{559BCBE6-4859-40C2-83DD-FD17684B2918}"
EndProject
Project("{2150E333-8FDC-42A3-9474-1A3956D46DE8}") = "Hytera.EEMS.Main", "Hytera.EEMS.Main", "{7400D3F9-BFC4-4D3F-B68A-2E38B279D8D9}"
EndProject
Project("{2150E333-8FDC-42A3-9474-1A3956D46DE8}") = "Hytera.EEMS.Plugs", "Hytera.EEMS.Plugs", "{ACB49E87-96C7-4484-9532-D9DB7FC4D108}"
EndProject
Project("{FAE04EC0-301F-11D3-BF4B-00C04F79EFBC}") = "Hytera.EEMS.AppLib", "Hytera.EEMS.Model\Hytera.EEMS.AppLib.csproj", "{1DBF33BF-6DAC-4BE2-A8AD-5838A6342F9A}"
EndProject
Project("{2150E333-8FDC-42A3-9474-1A3956D46DE8}") = "Hytera.EEMS.Gather", "Hytera.EEMS.Gather", "{2EFB0794-C67E-4F12-8EFC-98C9BCD6A76F}"
EndProject
Project("{2150E333-8FDC-42A3-9474-1A3956D46DE8}") = "Hytera.EEMS.Manage", "Hytera.EEMS.Manage", "{ABCF6837-6F92-4EE6-A32A-B83DC431B95B}"
EndProject
Project("{FAE04EC0-301F-11D3-BF4B-00C04F79EFBC}") = "Hytera.EEMS.Gather", "Hytera.EEMS.Gather\Hytera.EEMS.Gather.csproj", "{D17E984F-B3AE-4C11-8EF6-D2EB9E225718}"
EndProject
Project("{FAE04EC0-301F-11D3-BF4B-00C04F79EFBC}") = "Hytera.EEMS.Manage", "Hytera.EEMS.Manage\Hytera.EEMS.Manage.csproj", "{A6119CC9-AFED-4AB4-8648-F1C4C96EA6FE}"
EndProject
Project("{FAE04EC0-301F-11D3-BF4B-00C04F79EFBC}") = "Hytera.EEMS.Common", "Hytera.EEMS.Common\Hytera.EEMS.Common.csproj", "{F91B27CE-C8F1-4CDA-B580-53B4C3DEBCB4}"
EndProject
Project("{FAE04EC0-301F-11D3-BF4B-00C04F79EFBC}") = "Hytera.EEMS.Log", "Hytera.EEMS.Log\Hytera.EEMS.Log.csproj", "{8CCAEC9B-309C-4E2C-B555-E76AAC54159C}"
EndProject
Project("{FAE04EC0-301F-11D3-BF4B-00C04F79EFBC}") = "Hytera.EEMS.Resources", "Hytera.EEMS.Resources\Hytera.EEMS.Resources.csproj", "{73FC8214-31C1-4431-8A05-2267219E7EF4}"
EndProject
Project("{FAE04EC0-301F-11D3-BF4B-00C04F79EFBC}") = "Hytera.EEMS.WarnInfo", "Hytera.EEMS.WarnInfo\Hytera.EEMS.WarnInfo.csproj", "{2E85EE33-6642-4D8F-B1A0-4C905F8BC38B}"
EndProject
Project("{2150E333-8FDC-42A3-9474-1A3956D46DE8}") = "Hytera.EEMS.Fingerprint", "Hytera.EEMS.Fingerprint", "{526AEF70-CEB7-48C0-B1EA-4794014D72A1}"
EndProject
Project("{FAE04EC0-301F-11D3-BF4B-00C04F79EFBC}") = "Hytera.EEMS.Fingerprint", "Hytera.EEMS.Fingerprint\Hytera.EEMS.Fingerprint.csproj", "{2232ECF2-5982-4DCF-B139-39820DEECA50}"
EndProject
Project("{FAE04EC0-301F-11D3-BF4B-00C04F79EFBC}") = "Write", "Write\Write.csproj", "{700FDBBF-5C6B-4068-AD61-9D80BB44B449}"
EndProject
Global
	GlobalSection(SolutionConfigurationPlatforms) = preSolution
		Debug|Any CPU = Debug|Any CPU
		Debug|Mixed Platforms = Debug|Mixed Platforms
		Debug|x64 = Debug|x64
		Debug|x86 = Debug|x86
		Release|Any CPU = Release|Any CPU
		Release|Mixed Platforms = Release|Mixed Platforms
		Release|x64 = Release|x64
		Release|x86 = Release|x86
	EndGlobalSection
	GlobalSection(ProjectConfigurationPlatforms) = postSolution
		{E5A510EE-4FB7-4EDD-A2B2-930337C44EE9}.Debug|Any CPU.ActiveCfg = Debug|Any CPU
		{E5A510EE-4FB7-4EDD-A2B2-930337C44EE9}.Debug|Any CPU.Build.0 = Debug|Any CPU
		{E5A510EE-4FB7-4EDD-A2B2-930337C44EE9}.Debug|Mixed Platforms.ActiveCfg = Debug|x86
		{E5A510EE-4FB7-4EDD-A2B2-930337C44EE9}.Debug|Mixed Platforms.Build.0 = Debug|x86
		{E5A510EE-4FB7-4EDD-A2B2-930337C44EE9}.Debug|x64.ActiveCfg = Debug|Any CPU
		{E5A510EE-4FB7-4EDD-A2B2-930337C44EE9}.Debug|x86.ActiveCfg = Debug|x86
		{E5A510EE-4FB7-4EDD-A2B2-930337C44EE9}.Debug|x86.Build.0 = Debug|x86
		{E5A510EE-4FB7-4EDD-A2B2-930337C44EE9}.Release|Any CPU.ActiveCfg = Release|Any CPU
		{E5A510EE-4FB7-4EDD-A2B2-930337C44EE9}.Release|Any CPU.Build.0 = Release|Any CPU
		{E5A510EE-4FB7-4EDD-A2B2-930337C44EE9}.Release|Mixed Platforms.ActiveCfg = Release|x86
		{E5A510EE-4FB7-4EDD-A2B2-930337C44EE9}.Release|Mixed Platforms.Build.0 = Release|x86
		{E5A510EE-4FB7-4EDD-A2B2-930337C44EE9}.Release|x64.ActiveCfg = Release|Any CPU
		{E5A510EE-4FB7-4EDD-A2B2-930337C44EE9}.Release|x86.ActiveCfg = Release|x86
		{E5A510EE-4FB7-4EDD-A2B2-930337C44EE9}.Release|x86.Build.0 = Release|x86
		{A9EB6121-D442-43CD-B237-D1ED95260ABA}.Debug|Any CPU.ActiveCfg = Debug|Any CPU
		{A9EB6121-D442-43CD-B237-D1ED95260ABA}.Debug|Any CPU.Build.0 = Debug|Any CPU
		{A9EB6121-D442-43CD-B237-D1ED95260ABA}.Debug|Mixed Platforms.ActiveCfg = Debug|x86
		{A9EB6121-D442-43CD-B237-D1ED95260ABA}.Debug|Mixed Platforms.Build.0 = Debug|x86
		{A9EB6121-D442-43CD-B237-D1ED95260ABA}.Debug|x64.ActiveCfg = Debug|Any CPU
		{A9EB6121-D442-43CD-B237-D1ED95260ABA}.Debug|x86.ActiveCfg = Debug|x86
		{A9EB6121-D442-43CD-B237-D1ED95260ABA}.Debug|x86.Build.0 = Debug|x86
		{A9EB6121-D442-43CD-B237-D1ED95260ABA}.Release|Any CPU.ActiveCfg = Release|Any CPU
		{A9EB6121-D442-43CD-B237-D1ED95260ABA}.Release|Any CPU.Build.0 = Release|Any CPU
		{A9EB6121-D442-43CD-B237-D1ED95260ABA}.Release|Mixed Platforms.ActiveCfg = Release|x86
		{A9EB6121-D442-43CD-B237-D1ED95260ABA}.Release|Mixed Platforms.Build.0 = Release|x86
		{A9EB6121-D442-43CD-B237-D1ED95260ABA}.Release|x64.ActiveCfg = Release|Any CPU
		{A9EB6121-D442-43CD-B237-D1ED95260ABA}.Release|x86.ActiveCfg = Release|x86
		{A9EB6121-D442-43CD-B237-D1ED95260ABA}.Release|x86.Build.0 = Release|x86
		{4868BFA9-4D5B-4295-BA87-A1838CC30096}.Debug|Any CPU.ActiveCfg = Debug|Any CPU
		{4868BFA9-4D5B-4295-BA87-A1838CC30096}.Debug|Any CPU.Build.0 = Debug|Any CPU
		{4868BFA9-4D5B-4295-BA87-A1838CC30096}.Debug|Mixed Platforms.ActiveCfg = Debug|x86
		{4868BFA9-4D5B-4295-BA87-A1838CC30096}.Debug|Mixed Platforms.Build.0 = Debug|x86
		{4868BFA9-4D5B-4295-BA87-A1838CC30096}.Debug|x64.ActiveCfg = Debug|Any CPU
		{4868BFA9-4D5B-4295-BA87-A1838CC30096}.Debug|x86.ActiveCfg = Debug|x86
		{4868BFA9-4D5B-4295-BA87-A1838CC30096}.Debug|x86.Build.0 = Debug|x86
		{4868BFA9-4D5B-4295-BA87-A1838CC30096}.Release|Any CPU.ActiveCfg = Release|Any CPU
		{4868BFA9-4D5B-4295-BA87-A1838CC30096}.Release|Any CPU.Build.0 = Release|Any CPU
		{4868BFA9-4D5B-4295-BA87-A1838CC30096}.Release|Mixed Platforms.ActiveCfg = Release|x86
		{4868BFA9-4D5B-4295-BA87-A1838CC30096}.Release|Mixed Platforms.Build.0 = Release|x86
		{4868BFA9-4D5B-4295-BA87-A1838CC30096}.Release|x64.ActiveCfg = Release|Any CPU
		{4868BFA9-4D5B-4295-BA87-A1838CC30096}.Release|x86.ActiveCfg = Release|x86
		{4868BFA9-4D5B-4295-BA87-A1838CC30096}.Release|x86.Build.0 = Release|x86
		{559BCBE6-4859-40C2-83DD-FD17684B2918}.Debug|Any CPU.ActiveCfg = Debug|Any CPU
		{559BCBE6-4859-40C2-83DD-FD17684B2918}.Debug|Any CPU.Build.0 = Debug|Any CPU
		{559BCBE6-4859-40C2-83DD-FD17684B2918}.Debug|Mixed Platforms.ActiveCfg = Debug|x86
		{559BCBE6-4859-40C2-83DD-FD17684B2918}.Debug|Mixed Platforms.Build.0 = Debug|x86
		{559BCBE6-4859-40C2-83DD-FD17684B2918}.Debug|x64.ActiveCfg = Debug|Any CPU
		{559BCBE6-4859-40C2-83DD-FD17684B2918}.Debug|x86.ActiveCfg = Debug|x86
		{559BCBE6-4859-40C2-83DD-FD17684B2918}.Debug|x86.Build.0 = Debug|x86
		{559BCBE6-4859-40C2-83DD-FD17684B2918}.Release|Any CPU.ActiveCfg = Release|Any CPU
		{559BCBE6-4859-40C2-83DD-FD17684B2918}.Release|Any CPU.Build.0 = Release|Any CPU
		{559BCBE6-4859-40C2-83DD-FD17684B2918}.Release|Mixed Platforms.ActiveCfg = Release|x86
		{559BCBE6-4859-40C2-83DD-FD17684B2918}.Release|Mixed Platforms.Build.0 = Release|x86
		{559BCBE6-4859-40C2-83DD-FD17684B2918}.Release|x64.ActiveCfg = Release|Any CPU
		{559BCBE6-4859-40C2-83DD-FD17684B2918}.Release|x86.ActiveCfg = Release|x86
		{559BCBE6-4859-40C2-83DD-FD17684B2918}.Release|x86.Build.0 = Release|x86
		{1DBF33BF-6DAC-4BE2-A8AD-5838A6342F9A}.Debug|Any CPU.ActiveCfg = Debug|Any CPU
		{1DBF33BF-6DAC-4BE2-A8AD-5838A6342F9A}.Debug|Any CPU.Build.0 = Debug|Any CPU
		{1DBF33BF-6DAC-4BE2-A8AD-5838A6342F9A}.Debug|Mixed Platforms.ActiveCfg = Debug|x86
		{1DBF33BF-6DAC-4BE2-A8AD-5838A6342F9A}.Debug|Mixed Platforms.Build.0 = Debug|x86
		{1DBF33BF-6DAC-4BE2-A8AD-5838A6342F9A}.Debug|x64.ActiveCfg = Debug|Any CPU
		{1DBF33BF-6DAC-4BE2-A8AD-5838A6342F9A}.Debug|x86.ActiveCfg = Debug|x86
		{1DBF33BF-6DAC-4BE2-A8AD-5838A6342F9A}.Debug|x86.Build.0 = Debug|x86
		{1DBF33BF-6DAC-4BE2-A8AD-5838A6342F9A}.Release|Any CPU.ActiveCfg = Release|Any CPU
		{1DBF33BF-6DAC-4BE2-A8AD-5838A6342F9A}.Release|Any CPU.Build.0 = Release|Any CPU
		{1DBF33BF-6DAC-4BE2-A8AD-5838A6342F9A}.Release|Mixed Platforms.ActiveCfg = Release|x86
		{1DBF33BF-6DAC-4BE2-A8AD-5838A6342F9A}.Release|Mixed Platforms.Build.0 = Release|x86
		{1DBF33BF-6DAC-4BE2-A8AD-5838A6342F9A}.Release|x64.ActiveCfg = Release|Any CPU
		{1DBF33BF-6DAC-4BE2-A8AD-5838A6342F9A}.Release|x86.ActiveCfg = Release|x86
		{1DBF33BF-6DAC-4BE2-A8AD-5838A6342F9A}.Release|x86.Build.0 = Release|x86
		{D17E984F-B3AE-4C11-8EF6-D2EB9E225718}.Debug|Any CPU.ActiveCfg = Debug|Any CPU
		{D17E984F-B3AE-4C11-8EF6-D2EB9E225718}.Debug|Any CPU.Build.0 = Debug|Any CPU
		{D17E984F-B3AE-4C11-8EF6-D2EB9E225718}.Debug|Mixed Platforms.ActiveCfg = Debug|x86
		{D17E984F-B3AE-4C11-8EF6-D2EB9E225718}.Debug|Mixed Platforms.Build.0 = Debug|x86
		{D17E984F-B3AE-4C11-8EF6-D2EB9E225718}.Debug|x64.ActiveCfg = Debug|Any CPU
		{D17E984F-B3AE-4C11-8EF6-D2EB9E225718}.Debug|x86.ActiveCfg = Debug|x86
		{D17E984F-B3AE-4C11-8EF6-D2EB9E225718}.Debug|x86.Build.0 = Debug|x86
		{D17E984F-B3AE-4C11-8EF6-D2EB9E225718}.Release|Any CPU.ActiveCfg = Release|Any CPU
		{D17E984F-B3AE-4C11-8EF6-D2EB9E225718}.Release|Any CPU.Build.0 = Release|Any CPU
		{D17E984F-B3AE-4C11-8EF6-D2EB9E225718}.Release|Mixed Platforms.ActiveCfg = Release|x86
		{D17E984F-B3AE-4C11-8EF6-D2EB9E225718}.Release|Mixed Platforms.Build.0 = Release|x86
		{D17E984F-B3AE-4C11-8EF6-D2EB9E225718}.Release|x64.ActiveCfg = Release|Any CPU
		{D17E984F-B3AE-4C11-8EF6-D2EB9E225718}.Release|x86.ActiveCfg = Release|x86
		{D17E984F-B3AE-4C11-8EF6-D2EB9E225718}.Release|x86.Build.0 = Release|x86
		{A6119CC9-AFED-4AB4-8648-F1C4C96EA6FE}.Debug|Any CPU.ActiveCfg = Debug|Any CPU
		{A6119CC9-AFED-4AB4-8648-F1C4C96EA6FE}.Debug|Any CPU.Build.0 = Debug|Any CPU
		{A6119CC9-AFED-4AB4-8648-F1C4C96EA6FE}.Debug|Mixed Platforms.ActiveCfg = Debug|x86
		{A6119CC9-AFED-4AB4-8648-F1C4C96EA6FE}.Debug|Mixed Platforms.Build.0 = Debug|x86
		{A6119CC9-AFED-4AB4-8648-F1C4C96EA6FE}.Debug|x64.ActiveCfg = Debug|Any CPU
		{A6119CC9-AFED-4AB4-8648-F1C4C96EA6FE}.Debug|x86.ActiveCfg = Debug|x86
		{A6119CC9-AFED-4AB4-8648-F1C4C96EA6FE}.Debug|x86.Build.0 = Debug|x86
		{A6119CC9-AFED-4AB4-8648-F1C4C96EA6FE}.Release|Any CPU.ActiveCfg = Release|Any CPU
		{A6119CC9-AFED-4AB4-8648-F1C4C96EA6FE}.Release|Any CPU.Build.0 = Release|Any CPU
		{A6119CC9-AFED-4AB4-8648-F1C4C96EA6FE}.Release|Mixed Platforms.ActiveCfg = Release|x86
		{A6119CC9-AFED-4AB4-8648-F1C4C96EA6FE}.Release|Mixed Platforms.Build.0 = Release|x86
		{A6119CC9-AFED-4AB4-8648-F1C4C96EA6FE}.Release|x64.ActiveCfg = Release|Any CPU
		{A6119CC9-AFED-4AB4-8648-F1C4C96EA6FE}.Release|x86.ActiveCfg = Release|x86
		{A6119CC9-AFED-4AB4-8648-F1C4C96EA6FE}.Release|x86.Build.0 = Release|x86
		{F91B27CE-C8F1-4CDA-B580-53B4C3DEBCB4}.Debug|Any CPU.ActiveCfg = Debug|Any CPU
		{F91B27CE-C8F1-4CDA-B580-53B4C3DEBCB4}.Debug|Any CPU.Build.0 = Debug|Any CPU
		{F91B27CE-C8F1-4CDA-B580-53B4C3DEBCB4}.Debug|Mixed Platforms.ActiveCfg = Debug|x86
		{F91B27CE-C8F1-4CDA-B580-53B4C3DEBCB4}.Debug|Mixed Platforms.Build.0 = Debug|x86
		{F91B27CE-C8F1-4CDA-B580-53B4C3DEBCB4}.Debug|x64.ActiveCfg = Debug|Any CPU
		{F91B27CE-C8F1-4CDA-B580-53B4C3DEBCB4}.Debug|x86.ActiveCfg = Debug|x86
		{F91B27CE-C8F1-4CDA-B580-53B4C3DEBCB4}.Debug|x86.Build.0 = Debug|x86
		{F91B27CE-C8F1-4CDA-B580-53B4C3DEBCB4}.Release|Any CPU.ActiveCfg = Release|Any CPU
		{F91B27CE-C8F1-4CDA-B580-53B4C3DEBCB4}.Release|Any CPU.Build.0 = Release|Any CPU
		{F91B27CE-C8F1-4CDA-B580-53B4C3DEBCB4}.Release|Mixed Platforms.ActiveCfg = Release|x86
		{F91B27CE-C8F1-4CDA-B580-53B4C3DEBCB4}.Release|Mixed Platforms.Build.0 = Release|x86
		{F91B27CE-C8F1-4CDA-B580-53B4C3DEBCB4}.Release|x64.ActiveCfg = Release|Any CPU
		{F91B27CE-C8F1-4CDA-B580-53B4C3DEBCB4}.Release|x86.ActiveCfg = Release|x86
		{F91B27CE-C8F1-4CDA-B580-53B4C3DEBCB4}.Release|x86.Build.0 = Release|x86
		{8CCAEC9B-309C-4E2C-B555-E76AAC54159C}.Debug|Any CPU.ActiveCfg = Debug|Any CPU
		{8CCAEC9B-309C-4E2C-B555-E76AAC54159C}.Debug|Any CPU.Build.0 = Debug|Any CPU
		{8CCAEC9B-309C-4E2C-B555-E76AAC54159C}.Debug|Mixed Platforms.ActiveCfg = Debug|x86
		{8CCAEC9B-309C-4E2C-B555-E76AAC54159C}.Debug|Mixed Platforms.Build.0 = Debug|x86
		{8CCAEC9B-309C-4E2C-B555-E76AAC54159C}.Debug|x64.ActiveCfg = Debug|Any CPU
		{8CCAEC9B-309C-4E2C-B555-E76AAC54159C}.Debug|x86.ActiveCfg = Debug|x86
		{8CCAEC9B-309C-4E2C-B555-E76AAC54159C}.Debug|x86.Build.0 = Debug|x86
		{8CCAEC9B-309C-4E2C-B555-E76AAC54159C}.Release|Any CPU.ActiveCfg = Release|Any CPU
		{8CCAEC9B-309C-4E2C-B555-E76AAC54159C}.Release|Any CPU.Build.0 = Release|Any CPU
		{8CCAEC9B-309C-4E2C-B555-E76AAC54159C}.Release|Mixed Platforms.ActiveCfg = Release|x86
		{8CCAEC9B-309C-4E2C-B555-E76AAC54159C}.Release|Mixed Platforms.Build.0 = Release|x86
		{8CCAEC9B-309C-4E2C-B555-E76AAC54159C}.Release|x64.ActiveCfg = Release|Any CPU
		{8CCAEC9B-309C-4E2C-B555-E76AAC54159C}.Release|x86.ActiveCfg = Release|x86
		{8CCAEC9B-309C-4E2C-B555-E76AAC54159C}.Release|x86.Build.0 = Release|x86
		{73FC8214-31C1-4431-8A05-2267219E7EF4}.Debug|Any CPU.ActiveCfg = Debug|Any CPU
		{73FC8214-31C1-4431-8A05-2267219E7EF4}.Debug|Any CPU.Build.0 = Debug|Any CPU
		{73FC8214-31C1-4431-8A05-2267219E7EF4}.Debug|Mixed Platforms.ActiveCfg = Debug|x86
		{73FC8214-31C1-4431-8A05-2267219E7EF4}.Debug|Mixed Platforms.Build.0 = Debug|x86
		{73FC8214-31C1-4431-8A05-2267219E7EF4}.Debug|x64.ActiveCfg = Debug|Any CPU
		{73FC8214-31C1-4431-8A05-2267219E7EF4}.Debug|x86.ActiveCfg = Debug|x86
		{73FC8214-31C1-4431-8A05-2267219E7EF4}.Debug|x86.Build.0 = Debug|x86
		{73FC8214-31C1-4431-8A05-2267219E7EF4}.Release|Any CPU.ActiveCfg = Release|Any CPU
		{73FC8214-31C1-4431-8A05-2267219E7EF4}.Release|Any CPU.Build.0 = Release|Any CPU
		{73FC8214-31C1-4431-8A05-2267219E7EF4}.Release|Mixed Platforms.ActiveCfg = Release|x86
		{73FC8214-31C1-4431-8A05-2267219E7EF4}.Release|Mixed Platforms.Build.0 = Release|x86
		{73FC8214-31C1-4431-8A05-2267219E7EF4}.Release|x64.ActiveCfg = Release|Any CPU
		{73FC8214-31C1-4431-8A05-2267219E7EF4}.Release|x86.ActiveCfg = Release|x86
		{73FC8214-31C1-4431-8A05-2267219E7EF4}.Release|x86.Build.0 = Release|x86
		{2E85EE33-6642-4D8F-B1A0-4C905F8BC38B}.Debug|Any CPU.ActiveCfg = Debug|Any CPU
		{2E85EE33-6642-4D8F-B1A0-4C905F8BC38B}.Debug|Any CPU.Build.0 = Debug|Any CPU
		{2E85EE33-6642-4D8F-B1A0-4C905F8BC38B}.Debug|Mixed Platforms.ActiveCfg = Debug|Any CPU
		{2E85EE33-6642-4D8F-B1A0-4C905F8BC38B}.Debug|Mixed Platforms.Build.0 = Debug|Any CPU
		{2E85EE33-6642-4D8F-B1A0-4C905F8BC38B}.Debug|x64.ActiveCfg = Debug|x64
		{2E85EE33-6642-4D8F-B1A0-4C905F8BC38B}.Debug|x64.Build.0 = Debug|x64
		{2E85EE33-6642-4D8F-B1A0-4C905F8BC38B}.Debug|x86.ActiveCfg = Debug|Any CPU
		{2E85EE33-6642-4D8F-B1A0-4C905F8BC38B}.Release|Any CPU.ActiveCfg = Release|Any CPU
		{2E85EE33-6642-4D8F-B1A0-4C905F8BC38B}.Release|Any CPU.Build.0 = Release|Any CPU
		{2E85EE33-6642-4D8F-B1A0-4C905F8BC38B}.Release|Mixed Platforms.ActiveCfg = Release|Any CPU
		{2E85EE33-6642-4D8F-B1A0-4C905F8BC38B}.Release|Mixed Platforms.Build.0 = Release|Any CPU
		{2E85EE33-6642-4D8F-B1A0-4C905F8BC38B}.Release|x64.ActiveCfg = Release|Any CPU
		{2E85EE33-6642-4D8F-B1A0-4C905F8BC38B}.Release|x64.Build.0 = Release|Any CPU
		{2E85EE33-6642-4D8F-B1A0-4C905F8BC38B}.Release|x86.ActiveCfg = Release|x86
		{2E85EE33-6642-4D8F-B1A0-4C905F8BC38B}.Release|x86.Build.0 = Release|x86
		{2232ECF2-5982-4DCF-B139-39820DEECA50}.Debug|Any CPU.ActiveCfg = Debug|Any CPU
		{2232ECF2-5982-4DCF-B139-39820DEECA50}.Debug|Any CPU.Build.0 = Debug|Any CPU
		{2232ECF2-5982-4DCF-B139-39820DEECA50}.Debug|Mixed Platforms.ActiveCfg = Debug|Any CPU
		{2232ECF2-5982-4DCF-B139-39820DEECA50}.Debug|Mixed Platforms.Build.0 = Debug|Any CPU
		{2232ECF2-5982-4DCF-B139-39820DEECA50}.Debug|x64.ActiveCfg = Debug|Any CPU
		{2232ECF2-5982-4DCF-B139-39820DEECA50}.Debug|x86.ActiveCfg = Debug|Any CPU
		{2232ECF2-5982-4DCF-B139-39820DEECA50}.Release|Any CPU.ActiveCfg = Release|Any CPU
		{2232ECF2-5982-4DCF-B139-39820DEECA50}.Release|Any CPU.Build.0 = Release|Any CPU
		{2232ECF2-5982-4DCF-B139-39820DEECA50}.Release|Mixed Platforms.ActiveCfg = Release|Any CPU
		{2232ECF2-5982-4DCF-B139-39820DEECA50}.Release|Mixed Platforms.Build.0 = Release|Any CPU
		{2232ECF2-5982-4DCF-B139-39820DEECA50}.Release|x64.ActiveCfg = Release|Any CPU
		{2232ECF2-5982-4DCF-B139-39820DEECA50}.Release|x86.ActiveCfg = Release|Any CPU
		{700FDBBF-5C6B-4068-AD61-9D80BB44B449}.Debug|Any CPU.ActiveCfg = Debug|Any CPU
		{700FDBBF-5C6B-4068-AD61-9D80BB44B449}.Debug|Any CPU.Build.0 = Debug|Any CPU
		{700FDBBF-5C6B-4068-AD61-9D80BB44B449}.Debug|Mixed Platforms.ActiveCfg = Debug|Any CPU
		{700FDBBF-5C6B-4068-AD61-9D80BB44B449}.Debug|Mixed Platforms.Build.0 = Debug|Any CPU
		{700FDBBF-5C6B-4068-AD61-9D80BB44B449}.Debug|x64.ActiveCfg = Debug|Any CPU
		{700FDBBF-5C6B-4068-AD61-9D80BB44B449}.Debug|x86.ActiveCfg = Debug|Any CPU
		{700FDBBF-5C6B-4068-AD61-9D80BB44B449}.Release|Any CPU.ActiveCfg = Release|Any CPU
		{700FDBBF-5C6B-4068-AD61-9D80BB44B449}.Release|Any CPU.Build.0 = Release|Any CPU
		{700FDBBF-5C6B-4068-AD61-9D80BB44B449}.Release|Mixed Platforms.ActiveCfg = Release|Any CPU
		{700FDBBF-5C6B-4068-AD61-9D80BB44B449}.Release|Mixed Platforms.Build.0 = Release|Any CPU
		{700FDBBF-5C6B-4068-AD61-9D80BB44B449}.Release|x64.ActiveCfg = Release|Any CPU
		{700FDBBF-5C6B-4068-AD61-9D80BB44B449}.Release|x86.ActiveCfg = Release|Any CPU
	EndGlobalSection
	GlobalSection(SolutionProperties) = preSolution
		HideSolutionNode = FALSE
	EndGlobalSection
	GlobalSection(NestedProjects) = preSolution
		{E5A510EE-4FB7-4EDD-A2B2-930337C44EE9} = {7400D3F9-BFC4-4D3F-B68A-2E38B279D8D9}
		{A9EB6121-D442-43CD-B237-D1ED95260ABA} = {4DA87F84-7891-43E1-AAED-F76C77E98B9A}
		{4868BFA9-4D5B-4295-BA87-A1838CC30096} = {4DA87F84-7891-43E1-AAED-F76C77E98B9A}
		{559BCBE6-4859-40C2-83DD-FD17684B2918} = {4DA87F84-7891-43E1-AAED-F76C77E98B9A}
		{1DBF33BF-6DAC-4BE2-A8AD-5838A6342F9A} = {4DA87F84-7891-43E1-AAED-F76C77E98B9A}
		{F91B27CE-C8F1-4CDA-B580-53B4C3DEBCB4} = {4DA87F84-7891-43E1-AAED-F76C77E98B9A}
		{8CCAEC9B-309C-4E2C-B555-E76AAC54159C} = {4DA87F84-7891-43E1-AAED-F76C77E98B9A}
		{73FC8214-31C1-4431-8A05-2267219E7EF4} = {4DA87F84-7891-43E1-AAED-F76C77E98B9A}
		{2E85EE33-6642-4D8F-B1A0-4C905F8BC38B} = {4DA87F84-7891-43E1-AAED-F76C77E98B9A}
		{2EFB0794-C67E-4F12-8EFC-98C9BCD6A76F} = {ACB49E87-96C7-4484-9532-D9DB7FC4D108}
		{ABCF6837-6F92-4EE6-A32A-B83DC431B95B} = {ACB49E87-96C7-4484-9532-D9DB7FC4D108}
		{526AEF70-CEB7-48C0-B1EA-4794014D72A1} = {ACB49E87-96C7-4484-9532-D9DB7FC4D108}
		{D17E984F-B3AE-4C11-8EF6-D2EB9E225718} = {2EFB0794-C67E-4F12-8EFC-98C9BCD6A76F}
		{A6119CC9-AFED-4AB4-8648-F1C4C96EA6FE} = {ABCF6837-6F92-4EE6-A32A-B83DC431B95B}
		{2232ECF2-5982-4DCF-B139-39820DEECA50} = {526AEF70-CEB7-48C0-B1EA-4794014D72A1}
	EndGlobalSection
EndGlobal
